
Microsoft Visual Studio Solution File, Format Version 12.00
# Visual Studio Version 17
VisualStudioVersion = 17.12.35514.174
MinimumVisualStudioVersion = 10.0.40219.1
Project("{FAE04EC0-301F-11D3-BF4B-00C04F79EFBC}") = "Api", "src\Api\Api.csproj", "{5CD7AA28-9EFC-46FB-8011-6F4E3CEEAC69}"
EndProject
Project("{2150E333-8FDC-42A3-9474-1A3956D46DE8}") = "src", "src", "{CD55B7CE-36BD-41A0-8185-94526D8B9589}"
EndProject
Project("{FAE04EC0-301F-11D3-BF4B-00C04F79EFBC}") = "Infrastructure", "src\Infrastructure\Infrastructure\Infrastructure.csproj", "{0136B2C0-1E8E-49BF-8302-8AF3B7FC51CB}"
EndProject
Project("{FAE04EC0-301F-11D3-BF4B-00C04F79EFBC}") = "Domain", "src\Domain\Domain\Domain.csproj", "{BED40B10-452D-4AB0-BBD0-5DF9301E02DE}"
EndProject
Project("{FAE04EC0-301F-11D3-BF4B-00C04F79EFBC}") = "Application", "src\Application\Application\Application.csproj", "{FB1DB2A9-73C3-4BB2-9D2C-DA65560E96BD}"
EndProject
Project("{2150E333-8FDC-42A3-9474-1A3956D46DE8}") = "tests", "tests", "{ACE8DD2D-B03C-49EF-87D4-B591C0A3FA63}"
EndProject
Project("{FAE04EC0-301F-11D3-BF4B-00C04F79EFBC}") = "UnitTests", "tests\UnitTests\UnitTests.csproj", "{D0869668-BBD5-4E94-9CDE-14A9DBABA5BA}"
EndProject
Global
	GlobalSection(SolutionConfigurationPlatforms) = preSolution
		Debug|Any CPU = Debug|Any CPU
		Release|Any CPU = Release|Any CPU
	EndGlobalSection
	GlobalSection(ProjectConfigurationPlatforms) = postSolution
		{5CD7AA28-9EFC-46FB-8011-6F4E3CEEAC69}.Debug|Any CPU.ActiveCfg = Debug|Any CPU
		{5CD7AA28-9EFC-46FB-8011-6F4E3CEEAC69}.Debug|Any CPU.Build.0 = Debug|Any CPU
		{5CD7AA28-9EFC-46FB-8011-6F4E3CEEAC69}.Release|Any CPU.ActiveCfg = Release|Any CPU
		{5CD7AA28-9EFC-46FB-8011-6F4E3CEEAC69}.Release|Any CPU.Build.0 = Release|Any CPU
		{0136B2C0-1E8E-49BF-8302-8AF3B7FC51CB}.Debug|Any CPU.ActiveCfg = Debug|Any CPU
		{0136B2C0-1E8E-49BF-8302-8AF3B7FC51CB}.Debug|Any CPU.Build.0 = Debug|Any CPU
		{0136B2C0-1E8E-49BF-8302-8AF3B7FC51CB}.Release|Any CPU.ActiveCfg = Release|Any CPU
		{0136B2C0-1E8E-49BF-8302-8AF3B7FC51CB}.Release|Any CPU.Build.0 = Release|Any CPU
		{BED40B10-452D-4AB0-BBD0-5DF9301E02DE}.Debug|Any CPU.ActiveCfg = Debug|Any CPU
		{BED40B10-452D-4AB0-BBD0-5DF9301E02DE}.Debug|Any CPU.Build.0 = Debug|Any CPU
		{BED40B10-452D-4AB0-BBD0-5DF9301E02DE}.Release|Any CPU.ActiveCfg = Release|Any CPU
		{BED40B10-452D-4AB0-BBD0-5DF9301E02DE}.Release|Any CPU.Build.0 = Release|Any CPU
		{FB1DB2A9-73C3-4BB2-9D2C-DA65560E96BD}.Debug|Any CPU.ActiveCfg = Debug|Any CPU
		{FB1DB2A9-73C3-4BB2-9D2C-DA65560E96BD}.Debug|Any CPU.Build.0 = Debug|Any CPU
		{FB1DB2A9-73C3-4BB2-9D2C-DA65560E96BD}.Release|Any CPU.ActiveCfg = Release|Any CPU
		{FB1DB2A9-73C3-4BB2-9D2C-DA65560E96BD}.Release|Any CPU.Build.0 = Release|Any CPU
		{D0869668-BBD5-4E94-9CDE-14A9DBABA5BA}.Debug|Any CPU.ActiveCfg = Debug|Any CPU
		{D0869668-BBD5-4E94-9CDE-14A9DBABA5BA}.Debug|Any CPU.Build.0 = Debug|Any CPU
		{D0869668-BBD5-4E94-9CDE-14A9DBABA5BA}.Release|Any CPU.ActiveCfg = Release|Any CPU
		{D0869668-BBD5-4E94-9CDE-14A9DBABA5BA}.Release|Any CPU.Build.0 = Release|Any CPU
	EndGlobalSection
	GlobalSection(SolutionProperties) = preSolution
		HideSolutionNode = FALSE
	EndGlobalSection
	GlobalSection(NestedProjects) = preSolution
		{5CD7AA28-9EFC-46FB-8011-6F4E3CEEAC69} = {CD55B7CE-36BD-41A0-8185-94526D8B9589}
		{0136B2C0-1E8E-49BF-8302-8AF3B7FC51CB} = {CD55B7CE-36BD-41A0-8185-94526D8B9589}
		{BED40B10-452D-4AB0-BBD0-5DF9301E02DE} = {CD55B7CE-36BD-41A0-8185-94526D8B9589}
		{FB1DB2A9-73C3-4BB2-9D2C-DA65560E96BD} = {CD55B7CE-36BD-41A0-8185-94526D8B9589}
		{D0869668-BBD5-4E94-9CDE-14A9DBABA5BA} = {ACE8DD2D-B03C-49EF-87D4-B591C0A3FA63}
	EndGlobalSection
EndGlobal
